{
  "name": "ash.ms",
  "version": "1.0.5",
  "lockfileVersion": 3,
  "requires": true,
  "packages": {
    "": {
      "name": "ash.ms",
      "version": "1.0.5",
      "dependencies": {
        "lmdb": "^2.7.11"
      }
    },
    "node_modules/@lmdb/lmdb-darwin-arm64": {
      "version": "2.7.11",
      "resolved": "https://registry.npmjs.org/@lmdb/lmdb-darwin-arm64/-/lmdb-darwin-arm64-2.7.11.tgz",
      "integrity": "sha512-r6+vYq2vKzE+vgj/rNVRMwAevq0+ZR9IeMFIqcSga+wMtMdXQ27KqQ7uS99/yXASg29bos7yHP3yk4x6Iio0lw==",
      "cpu": [
        "arm64"
      ],
      "optional": true,
      "os": [
        "darwin"
      ]
    },
    "node_modules/@lmdb/lmdb-darwin-x64": {
      "version": "2.7.11",
      "resolved": "https://registry.npmjs.org/@lmdb/lmdb-darwin-x64/-/lmdb-darwin-x64-2.7.11.tgz",
      "integrity": "sha512-jhj1aB4K8ycRL1HOQT5OtzlqOq70jxUQEWRN9Gqh3TIDN30dxXtiHi6EWF516tzw6v2+3QqhDMJh8O6DtTGG8Q==",
      "cpu": [
        "x64"
      ],
      "optional": true,
      "os": [
        "darwin"
      ]
    },
    "node_modules/@lmdb/lmdb-linux-arm": {
      "version": "2.7.11",
      "resolved": "https://registry.npmjs.org/@lmdb/lmdb-linux-arm/-/lmdb-linux-arm-2.7.11.tgz",
      "integrity": "sha512-dHfLFVSrw/v5X5lkwp0Vl7+NFpEeEYKfMG2DpdFJnnG1RgHQZngZxCaBagFoaJGykRpd2DYF1AeuXBFrAUAXfw==",
      "cpu": [
        "arm"
      ],
      "optional": true,
      "os": [
        "linux"
      ]
    },
    "node_modules/@lmdb/lmdb-linux-arm64": {
      "version": "2.7.11",
      "resolved": "https://registry.npmjs.org/@lmdb/lmdb-linux-arm64/-/lmdb-linux-arm64-2.7.11.tgz",
      "integrity": "sha512-7xGEfPPbmVJWcY2Nzqo11B9Nfxs+BAsiiaY/OcT4aaTDdykKeCjvKMQJA3KXCtZ1AtiC9ljyGLi+BfUwdulY5A==",
      "cpu": [
        "arm64"
      ],
      "optional": true,
      "os": [
        "linux"
      ]
    },
    "node_modules/@lmdb/lmdb-linux-x64": {
      "version": "2.7.11",
      "resolved": "https://registry.npmjs.org/@lmdb/lmdb-linux-x64/-/lmdb-linux-x64-2.7.11.tgz",
      "integrity": "sha512-vUKI3JrREMQsXX8q0Eq5zX2FlYCKWMmLiCyyJNfZK0Uyf14RBg9VtB3ObQ41b4swYh2EWaltasWVe93Y8+KDng==",
      "cpu": [
        "x64"
      ],
      "optional": true,
      "os": [
        "linux"
      ]
    },
    "node_modules/@lmdb/lmdb-win32-x64": {
      "version": "2.7.11",
      "resolved": "https://registry.npmjs.org/@lmdb/lmdb-win32-x64/-/lmdb-win32-x64-2.7.11.tgz",
      "integrity": "sha512-BJwkHlSUgtB+Ei52Ai32M1AOMerSlzyIGA/KC4dAGL+GGwVMdwG8HGCOA2TxP3KjhbgDPMYkv7bt/NmOmRIFng==",
      "cpu": [
        "x64"
      ],
      "optional": true,
      "os": [
        "win32"
      ]
    },
    "node_modules/@msgpackr-extract/msgpackr-extract-darwin-arm64": {
      "version": "3.0.2",
      "resolved": "https://registry.npmjs.org/@msgpackr-extract/msgpackr-extract-darwin-arm64/-/msgpackr-extract-darwin-arm64-3.0.2.tgz",
      "integrity": "sha512-9bfjwDxIDWmmOKusUcqdS4Rw+SETlp9Dy39Xui9BEGEk19dDwH0jhipwFzEff/pFg95NKymc6TOTbRKcWeRqyQ==",
      "cpu": [
        "arm64"
      ],
      "optional": true,
      "os": [
        "darwin"
      ]
    },
    "node_modules/@msgpackr-extract/msgpackr-extract-darwin-x64": {
      "version": "3.0.2",
      "resolved": "https://registry.npmjs.org/@msgpackr-extract/msgpackr-extract-darwin-x64/-/msgpackr-extract-darwin-x64-3.0.2.tgz",
      "integrity": "sha512-lwriRAHm1Yg4iDf23Oxm9n/t5Zpw1lVnxYU3HnJPTi2lJRkKTrps1KVgvL6m7WvmhYVt/FIsssWay+k45QHeuw==",
      "cpu": [
        "x64"
      ],
      "optional": true,
      "os": [
        "darwin"
      ]
    },
    "node_modules/@msgpackr-extract/msgpackr-extract-linux-arm": {
      "version": "3.0.2",
      "resolved": "https://registry.npmjs.org/@msgpackr-extract/msgpackr-extract-linux-arm/-/msgpackr-extract-linux-arm-3.0.2.tgz",
      "integrity": "sha512-MOI9Dlfrpi2Cuc7i5dXdxPbFIgbDBGgKR5F2yWEa6FVEtSWncfVNKW5AKjImAQ6CZlBK9tympdsZJ2xThBiWWA==",
      "cpu": [
        "arm"
      ],
      "optional": true,
      "os": [
        "linux"
      ]
    },
    "node_modules/@msgpackr-extract/msgpackr-extract-linux-arm64": {
      "version": "3.0.2",
      "resolved": "https://registry.npmjs.org/@msgpackr-extract/msgpackr-extract-linux-arm64/-/msgpackr-extract-linux-arm64-3.0.2.tgz",
      "integrity": "sha512-FU20Bo66/f7He9Fp9sP2zaJ1Q8L9uLPZQDub/WlUip78JlPeMbVL8546HbZfcW9LNciEXc8d+tThSJjSC+tmsg==",
      "cpu": [
        "arm64"
      ],
      "optional": true,
      "os": [
        "linux"
      ]
    },
    "node_modules/@msgpackr-extract/msgpackr-extract-linux-x64": {
      "version": "3.0.2",
      "resolved": "https://registry.npmjs.org/@msgpackr-extract/msgpackr-extract-linux-x64/-/msgpackr-extract-linux-x64-3.0.2.tgz",
      "integrity": "sha512-gsWNDCklNy7Ajk0vBBf9jEx04RUxuDQfBse918Ww+Qb9HCPoGzS+XJTLe96iN3BVK7grnLiYghP/M4L8VsaHeA==",
      "cpu": [
        "x64"
      ],
      "optional": true,
      "os": [
        "linux"
      ]
    },
    "node_modules/@msgpackr-extract/msgpackr-extract-win32-x64": {
      "version": "3.0.2",
      "resolved": "https://registry.npmjs.org/@msgpackr-extract/msgpackr-extract-win32-x64/-/msgpackr-extract-win32-x64-3.0.2.tgz",
      "integrity": "sha512-O+6Gs8UeDbyFpbSh2CPEz/UOrrdWPTBYNblZK5CxxLisYt4kGX3Sc+czffFonyjiGSq3jWLwJS/CCJc7tBr4sQ==",
      "cpu": [
        "x64"
      ],
      "optional": true,
      "os": [
        "win32"
      ]
    },
    "node_modules/lmdb": {
      "version": "2.7.11",
      "resolved": "https://registry.npmjs.org/lmdb/-/lmdb-2.7.11.tgz",
      "integrity": "sha512-x9bD4hVp7PFLUoELL8RglbNXhAMt5CYhkmss+CEau9KlNoilsTzNi9QDsPZb3KMpOGZXG6jmXhW3bBxE2XVztw==",
      "hasInstallScript": true,
      "dependencies": {
        "msgpackr": "1.8.5",
        "node-addon-api": "^4.3.0",
        "node-gyp-build-optional-packages": "5.0.6",
        "ordered-binary": "^1.4.0",
        "weak-lru-cache": "^1.2.2"
      },
      "bin": {
        "download-lmdb-prebuilds": "bin/download-prebuilds.js"
      },
      "optionalDependencies": {
        "@lmdb/lmdb-darwin-arm64": "2.7.11",
        "@lmdb/lmdb-darwin-x64": "2.7.11",
        "@lmdb/lmdb-linux-arm": "2.7.11",
        "@lmdb/lmdb-linux-arm64": "2.7.11",
        "@lmdb/lmdb-linux-x64": "2.7.11",
        "@lmdb/lmdb-win32-x64": "2.7.11"
      }
    },
    "node_modules/msgpackr": {
      "version": "1.8.5",
      "resolved": "https://registry.npmjs.org/msgpackr/-/msgpackr-1.8.5.tgz",
      "integrity": "sha512-mpPs3qqTug6ahbblkThoUY2DQdNXcm4IapwOS3Vm/87vmpzLVelvp9h3It1y9l1VPpiFLV11vfOXnmeEwiIXwg==",
      "optionalDependencies": {
        "msgpackr-extract": "^3.0.1"
      }
    },
    "node_modules/msgpackr-extract": {
      "version": "3.0.2",
      "resolved": "https://registry.npmjs.org/msgpackr-extract/-/msgpackr-extract-3.0.2.tgz",
      "integrity": "sha512-SdzXp4kD/Qf8agZ9+iTu6eql0m3kWm1A2y1hkpTeVNENutaB0BwHlSvAIaMxwntmRUAUjon2V4L8Z/njd0Ct8A==",
      "hasInstallScript": true,
      "optional": true,
      "dependencies": {
        "node-gyp-build-optional-packages": "5.0.7"
      },
      "bin": {
        "download-msgpackr-prebuilds": "bin/download-prebuilds.js"
      },
      "optionalDependencies": {
        "@msgpackr-extract/msgpackr-extract-darwin-arm64": "3.0.2",
        "@msgpackr-extract/msgpackr-extract-darwin-x64": "3.0.2",
        "@msgpackr-extract/msgpackr-extract-linux-arm": "3.0.2",
        "@msgpackr-extract/msgpackr-extract-linux-arm64": "3.0.2",
        "@msgpackr-extract/msgpackr-extract-linux-x64": "3.0.2",
        "@msgpackr-extract/msgpackr-extract-win32-x64": "3.0.2"
      }
    },
    "node_modules/msgpackr-extract/node_modules/node-gyp-build-optional-packages": {
      "version": "5.0.7",
      "resolved": "https://registry.npmjs.org/node-gyp-build-optional-packages/-/node-gyp-build-optional-packages-5.0.7.tgz",
      "integrity": "sha512-YlCCc6Wffkx0kHkmam79GKvDQ6x+QZkMjFGrIMxgFNILFvGSbCp2fCBC55pGTT9gVaz8Na5CLmxt/urtzRv36w==",
      "optional": true,
      "bin": {
        "node-gyp-build-optional-packages": "bin.js",
        "node-gyp-build-optional-packages-optional": "optional.js",
        "node-gyp-build-optional-packages-test": "build-test.js"
      }
    },
    "node_modules/node-addon-api": {
      "version": "4.3.0",
      "resolved": "https://registry.npmjs.org/node-addon-api/-/node-addon-api-4.3.0.tgz",
      "integrity": "sha512-73sE9+3UaLYYFmDsFZnqCInzPyh3MqIwZO9cw58yIqAZhONrrabrYyYe3TuIqtIiOuTXVhsGau8hcrhhwSsDIQ=="
    },
    "node_modules/node-gyp-build-optional-packages": {
      "version": "5.0.6",
      "resolved": "https://registry.npmjs.org/node-gyp-build-optional-packages/-/node-gyp-build-optional-packages-5.0.6.tgz",
      "integrity": "sha512-2ZJErHG4du9G3/8IWl/l9Bp5BBFy63rno5GVmjQijvTuUZKsl6g8RB4KH/x3NLcV5ZBb4GsXmAuTYr6dRml3Gw==",
      "bin": {
        "node-gyp-build-optional-packages": "bin.js",
        "node-gyp-build-optional-packages-optional": "optional.js",
        "node-gyp-build-optional-packages-test": "build-test.js"
      }
    },
    "node_modules/ordered-binary": {
      "version": "1.4.0",
      "resolved": "https://registry.npmjs.org/ordered-binary/-/ordered-binary-1.4.0.tgz",
      "integrity": "sha512-EHQ/jk4/a9hLupIKxTfUsQRej1Yd/0QLQs3vGvIqg5ZtCYSzNhkzHoZc7Zf4e4kUlDaC3Uw8Q/1opOLNN2OKRQ=="
    },
    "node_modules/weak-lru-cache": {
      "version": "1.2.2",
      "resolved": "https://registry.npmjs.org/weak-lru-cache/-/weak-lru-cache-1.2.2.tgz",
      "integrity": "sha512-DEAoo25RfSYMuTGc9vPJzZcZullwIqRDSI9LOy+fkCJPi6hykCnfKaXTuPBDuXAUcqHXyOgFtHNp/kB2FjYHbw=="
    }
  }
}
